
Microsoft Visual Studio Solution File, Format Version 12.00
# Visual Studio Version 16
VisualStudioVersion = 16.0.29728.190
MinimumVisualStudioVersion = 10.0.40219.1
Project("{FAE04EC0-301F-11D3-BF4B-00C04F79EFBC}") = "Convidarte", "Convidarte.csproj", "{DEEC5A94-885C-46E8-81EC-DD231E106C00}"
EndProject
Project("{FAE04EC0-301F-11D3-BF4B-00C04F79EFBC}") = "Entidades", "..\Entidades\Entidades.csproj", "{805E25F9-F446-4C69-AB66-FBAEDC50A2F6}"
EndProject
Project("{FAE04EC0-301F-11D3-BF4B-00C04F79EFBC}") = "Logica", "..\Logica\Logica.csproj", "{249D5878-07F1-439B-B103-38AC5DB935EB}"
EndProject
Global
	GlobalSection(SolutionConfigurationPlatforms) = preSolution
		Debug|Any CPU = Debug|Any CPU
		Release|Any CPU = Release|Any CPU
	EndGlobalSection
	GlobalSection(ProjectConfigurationPlatforms) = postSolution
		{DEEC5A94-885C-46E8-81EC-DD231E106C00}.Debug|Any CPU.ActiveCfg = Debug|Any CPU
		{DEEC5A94-885C-46E8-81EC-DD231E106C00}.Debug|Any CPU.Build.0 = Debug|Any CPU
		{DEEC5A94-885C-46E8-81EC-DD231E106C00}.Release|Any CPU.ActiveCfg = Release|Any CPU
		{DEEC5A94-885C-46E8-81EC-DD231E106C00}.Release|Any CPU.Build.0 = Release|Any CPU
		{805E25F9-F446-4C69-AB66-FBAEDC50A2F6}.Debug|Any CPU.ActiveCfg = Debug|Any CPU
		{805E25F9-F446-4C69-AB66-FBAEDC50A2F6}.Debug|Any CPU.Build.0 = Debug|Any CPU
		{805E25F9-F446-4C69-AB66-FBAEDC50A2F6}.Release|Any CPU.ActiveCfg = Release|Any CPU
		{805E25F9-F446-4C69-AB66-FBAEDC50A2F6}.Release|Any CPU.Build.0 = Release|Any CPU
		{249D5878-07F1-439B-B103-38AC5DB935EB}.Debug|Any CPU.ActiveCfg = Debug|Any CPU
		{249D5878-07F1-439B-B103-38AC5DB935EB}.Debug|Any CPU.Build.0 = Debug|Any CPU
		{249D5878-07F1-439B-B103-38AC5DB935EB}.Release|Any CPU.ActiveCfg = Release|Any CPU
		{249D5878-07F1-439B-B103-38AC5DB935EB}.Release|Any CPU.Build.0 = Release|Any CPU
	EndGlobalSection
	GlobalSection(SolutionProperties) = preSolution
		HideSolutionNode = FALSE
	EndGlobalSection
	GlobalSection(ExtensibilityGlobals) = postSolution
		SolutionGuid = {3135E8DE-A0CD-478E-8BEA-DC37153DC554}
	EndGlobalSection
EndGlobal
